// !$*UTF8*$!
{
	archiveVersion = 1;
	classes = {
	};
	objectVersion = 46;
	objects = {

/* Begin PBXBuildFile section */
		6C5983101E6D8B2000355C18 /* ShortestPath.swift in Sources */ = {isa = PBXBuildFile; fileRef = 6C59830F1E6D8B1F00355C18 /* ShortestPath.swift */; };
		6C5D37E91E60BAEF0011713A /* FFNN.swift in Sources */ = {isa = PBXBuildFile; fileRef = 6C5D37E21E60BAEF0011713A /* FFNN.swift */; };
		6C5D37EA1E60BAEF0011713A /* FFNN+Storage.swift in Sources */ = {isa = PBXBuildFile; fileRef = 6C5D37E31E60BAEF0011713A /* FFNN+Storage.swift */; };
		6C5D37EB1E60BAEF0011713A /* Matrix.swift in Sources */ = {isa = PBXBuildFile; fileRef = 6C5D37E41E60BAEF0011713A /* Matrix.swift */; };
		6C5D37EC1E60BAEF0011713A /* Operations.swift in Sources */ = {isa = PBXBuildFile; fileRef = 6C5D37E51E60BAEF0011713A /* Operations.swift */; };
		6C5D37ED1E60BAEF0011713A /* Random.swift in Sources */ = {isa = PBXBuildFile; fileRef = 6C5D37E61E60BAEF0011713A /* Random.swift */; };
		6C5D37EE1E60BAEF0011713A /* Storage.swift in Sources */ = {isa = PBXBuildFile; fileRef = 6C5D37E71E60BAEF0011713A /* Storage.swift */; };
		6C5D37EF1E60BAEF0011713A /* Vector.swift in Sources */ = {isa = PBXBuildFile; fileRef = 6C5D37E81E60BAEF0011713A /* Vector.swift */; };
		6C5D37F11E60BCA10011713A /* CityBuilder.swift in Sources */ = {isa = PBXBuildFile; fileRef = 6C5D37F01E60BCA10011713A /* CityBuilder.swift */; };
		D9086ABE1E7228EB005DB27F /* TrainViewController.swift in Sources */ = {isa = PBXBuildFile; fileRef = D9086ABD1E7228EB005DB27F /* TrainViewController.swift */; };
		D9A309FC1E6755450028BC31 /* CityInspectorViewController.swift in Sources */ = {isa = PBXBuildFile; fileRef = D9A309FB1E6755450028BC31 /* CityInspectorViewController.swift */; };
		D9A309FE1E6757D90028BC31 /* Data.swift in Sources */ = {isa = PBXBuildFile; fileRef = D9A309FD1E6757D90028BC31 /* Data.swift */; };
		D9A5DE081E64BC8500D4566E /* CustomWindowController.swift in Sources */ = {isa = PBXBuildFile; fileRef = D9A5DE071E64BC8500D4566E /* CustomWindowController.swift */; };
		D9AB4D011E7087AA002F1791 /* Agent.swift in Sources */ = {isa = PBXBuildFile; fileRef = D9AB4D001E7087AA002F1791 /* Agent.swift */; };
		D9AB4D031E709176002F1791 /* TripViewController.swift in Sources */ = {isa = PBXBuildFile; fileRef = D9AB4D021E709176002F1791 /* TripViewController.swift */; };
		D9B6BB5C1E5E3862009238E2 /* AppDelegate.swift in Sources */ = {isa = PBXBuildFile; fileRef = D9B6BB5B1E5E3862009238E2 /* AppDelegate.swift */; };
		D9B6BB5E1E5E3862009238E2 /* SetupViewController.swift in Sources */ = {isa = PBXBuildFile; fileRef = D9B6BB5D1E5E3862009238E2 /* SetupViewController.swift */; };
		D9B6BB601E5E3862009238E2 /* Assets.xcassets in Resources */ = {isa = PBXBuildFile; fileRef = D9B6BB5F1E5E3862009238E2 /* Assets.xcassets */; };
		D9B6BB631E5E3862009238E2 /* Main.storyboard in Resources */ = {isa = PBXBuildFile; fileRef = D9B6BB611E5E3862009238E2 /* Main.storyboard */; };
		D9BE3F751E60AE250011D471 /* City.swift in Sources */ = {isa = PBXBuildFile; fileRef = D9BE3F741E60AE250011D471 /* City.swift */; };
		D9BE3F781E6117BC0011D471 /* Utils.swift in Sources */ = {isa = PBXBuildFile; fileRef = D9BE3F771E6117BC0011D471 /* Utils.swift */; };
/* End PBXBuildFile section */

/* Begin PBXFileReference section */
		6C59830F1E6D8B1F00355C18 /* ShortestPath.swift */ = {isa = PBXFileReference; fileEncoding = 4; lastKnownFileType = sourcecode.swift; path = ShortestPath.swift; sourceTree = "<group>"; };
		6C5D37E21E60BAEF0011713A /* FFNN.swift */ = {isa = PBXFileReference; fileEncoding = 4; lastKnownFileType = sourcecode.swift; path = FFNN.swift; sourceTree = "<group>"; };
		6C5D37E31E60BAEF0011713A /* FFNN+Storage.swift */ = {isa = PBXFileReference; fileEncoding = 4; lastKnownFileType = sourcecode.swift; path = "FFNN+Storage.swift"; sourceTree = "<group>"; };
		6C5D37E41E60BAEF0011713A /* Matrix.swift */ = {isa = PBXFileReference; fileEncoding = 4; lastKnownFileType = sourcecode.swift; path = Matrix.swift; sourceTree = "<group>"; };
		6C5D37E51E60BAEF0011713A /* Operations.swift */ = {isa = PBXFileReference; fileEncoding = 4; lastKnownFileType = sourcecode.swift; path = Operations.swift; sourceTree = "<group>"; };
		6C5D37E61E60BAEF0011713A /* Random.swift */ = {isa = PBXFileReference; fileEncoding = 4; lastKnownFileType = sourcecode.swift; path = Random.swift; sourceTree = "<group>"; };
		6C5D37E71E60BAEF0011713A /* Storage.swift */ = {isa = PBXFileReference; fileEncoding = 4; lastKnownFileType = sourcecode.swift; path = Storage.swift; sourceTree = "<group>"; };
		6C5D37E81E60BAEF0011713A /* Vector.swift */ = {isa = PBXFileReference; fileEncoding = 4; lastKnownFileType = sourcecode.swift; path = Vector.swift; sourceTree = "<group>"; };
		6C5D37F01E60BCA10011713A /* CityBuilder.swift */ = {isa = PBXFileReference; fileEncoding = 4; lastKnownFileType = sourcecode.swift; path = CityBuilder.swift; sourceTree = "<group>"; };
		D9086ABD1E7228EB005DB27F /* TrainViewController.swift */ = {isa = PBXFileReference; fileEncoding = 4; lastKnownFileType = sourcecode.swift; path = TrainViewController.swift; sourceTree = "<group>"; };
		D9A309FB1E6755450028BC31 /* CityInspectorViewController.swift */ = {isa = PBXFileReference; fileEncoding = 4; lastKnownFileType = sourcecode.swift; path = CityInspectorViewController.swift; sourceTree = "<group>"; };
		D9A309FD1E6757D90028BC31 /* Data.swift */ = {isa = PBXFileReference; fileEncoding = 4; lastKnownFileType = sourcecode.swift; path = Data.swift; sourceTree = "<group>"; };
		D9A5DE071E64BC8500D4566E /* CustomWindowController.swift */ = {isa = PBXFileReference; fileEncoding = 4; lastKnownFileType = sourcecode.swift; path = CustomWindowController.swift; sourceTree = "<group>"; };
		D9AB4D001E7087AA002F1791 /* Agent.swift */ = {isa = PBXFileReference; fileEncoding = 4; lastKnownFileType = sourcecode.swift; path = Agent.swift; sourceTree = "<group>"; };
		D9AB4D021E709176002F1791 /* TripViewController.swift */ = {isa = PBXFileReference; fileEncoding = 4; lastKnownFileType = sourcecode.swift; path = TripViewController.swift; sourceTree = "<group>"; };
		D9B6BB581E5E3862009238E2 /* neural-network-navigation.app */ = {isa = PBXFileReference; explicitFileType = wrapper.application; includeInIndex = 0; path = "neural-network-navigation.app"; sourceTree = BUILT_PRODUCTS_DIR; };
		D9B6BB5B1E5E3862009238E2 /* AppDelegate.swift */ = {isa = PBXFileReference; lastKnownFileType = sourcecode.swift; path = AppDelegate.swift; sourceTree = "<group>"; };
		D9B6BB5D1E5E3862009238E2 /* SetupViewController.swift */ = {isa = PBXFileReference; lastKnownFileType = sourcecode.swift; path = SetupViewController.swift; sourceTree = "<group>"; };
		D9B6BB5F1E5E3862009238E2 /* Assets.xcassets */ = {isa = PBXFileReference; lastKnownFileType = folder.assetcatalog; path = Assets.xcassets; sourceTree = "<group>"; };
		D9B6BB621E5E3862009238E2 /* Base */ = {isa = PBXFileReference; lastKnownFileType = file.storyboard; name = Base; path = Base.lproj/Main.storyboard; sourceTree = "<group>"; };
		D9B6BB641E5E3862009238E2 /* Info.plist */ = {isa = PBXFileReference; lastKnownFileType = text.plist.xml; path = Info.plist; sourceTree = "<group>"; };
		D9BE3F741E60AE250011D471 /* City.swift */ = {isa = PBXFileReference; fileEncoding = 4; lastKnownFileType = sourcecode.swift; path = City.swift; sourceTree = "<group>"; };
		D9BE3F771E6117BC0011D471 /* Utils.swift */ = {isa = PBXFileReference; fileEncoding = 4; lastKnownFileType = sourcecode.swift; path = Utils.swift; sourceTree = "<group>"; };
/* End PBXFileReference section */

/* Begin PBXFrameworksBuildPhase section */
		D9B6BB551E5E3862009238E2 /* Frameworks */ = {
			isa = PBXFrameworksBuildPhase;
			buildActionMask = 2147483647;
			files = (
			);
			runOnlyForDeploymentPostprocessing = 0;
		};
/* End PBXFrameworksBuildPhase section */

/* Begin PBXGroup section */
		6CE51F6B1E60B3ED0080E9D9 /* Neural Network */ = {
			isa = PBXGroup;
			children = (
				6C5D37E21E60BAEF0011713A /* FFNN.swift */,
				6C5D37E31E60BAEF0011713A /* FFNN+Storage.swift */,
				6C5D37E41E60BAEF0011713A /* Matrix.swift */,
				6C5D37E51E60BAEF0011713A /* Operations.swift */,
				6C5D37E61E60BAEF0011713A /* Random.swift */,
				6C5D37E71E60BAEF0011713A /* Storage.swift */,
				6C5D37E81E60BAEF0011713A /* Vector.swift */,
			);
			name = "Neural Network";
			sourceTree = "<group>";
		};
		D9B6BB4F1E5E3862009238E2 = {
			isa = PBXGroup;
			children = (
				D9B6BB5A1E5E3862009238E2 /* neural-network-navigation */,
				D9B6BB591E5E3862009238E2 /* Products */,
			);
			sourceTree = "<group>";
		};
		D9B6BB591E5E3862009238E2 /* Products */ = {
			isa = PBXGroup;
			children = (
				D9B6BB581E5E3862009238E2 /* neural-network-navigation.app */,
			);
			name = Products;
			sourceTree = "<group>";
		};
		D9B6BB5A1E5E3862009238E2 /* neural-network-navigation */ = {
			isa = PBXGroup;
			children = (
				D9B6BB5B1E5E3862009238E2 /* AppDelegate.swift */,
				D9B6BB5F1E5E3862009238E2 /* Assets.xcassets */,
				D9B6BB6A1E5E38AB009238E2 /* UI */,
				D9B6BB6B1E5E3A19009238E2 /* Backend */,
				D9BE3F761E6117AC0011D471 /* Utils */,
				D9B6BB641E5E3862009238E2 /* Info.plist */,
			);
			path = "neural-network-navigation";
			sourceTree = "<group>";
		};
		D9B6BB6A1E5E38AB009238E2 /* UI */ = {
			isa = PBXGroup;
			children = (
				D9B6BB5D1E5E3862009238E2 /* SetupViewController.swift */,
				D9B6BB611E5E3862009238E2 /* Main.storyboard */,
				D9A5DE071E64BC8500D4566E /* CustomWindowController.swift */,
				D9A309FB1E6755450028BC31 /* CityInspectorViewController.swift */,
				D9AB4D021E709176002F1791 /* TripViewController.swift */,
				D9086ABD1E7228EB005DB27F /* TrainViewController.swift */,
			);
			name = UI;
			sourceTree = "<group>";
		};
		D9B6BB6B1E5E3A19009238E2 /* Backend */ = {
			isa = PBXGroup;
			children = (
				6CE51F6B1E60B3ED0080E9D9 /* Neural Network */,
				D9BE3F731E60ADFF0011D471 /* City */,
			);
			name = Backend;
			sourceTree = "<group>";
		};
		D9BE3F731E60ADFF0011D471 /* City */ = {
			isa = PBXGroup;
			children = (
				D9BE3F741E60AE250011D471 /* City.swift */,
				6C5D37F01E60BCA10011713A /* CityBuilder.swift */,
				D9AB4D001E7087AA002F1791 /* Agent.swift */,
				6C59830F1E6D8B1F00355C18 /* ShortestPath.swift */,
			);
			name = City;
			sourceTree = "<group>";
		};
		D9BE3F761E6117AC0011D471 /* Utils */ = {
			isa = PBXGroup;
			children = (
				D9BE3F771E6117BC0011D471 /* Utils.swift */,
				D9A309FD1E6757D90028BC31 /* Data.swift */,
			);
			name = Utils;
			sourceTree = "<group>";
		};
/* End PBXGroup section */

/* Begin PBXNativeTarget section */
		D9B6BB571E5E3862009238E2 /* neural-network-navigation */ = {
			isa = PBXNativeTarget;
			buildConfigurationList = D9B6BB671E5E3862009238E2 /* Build configuration list for PBXNativeTarget "neural-network-navigation" */;
			buildPhases = (
				D9B6BB541E5E3862009238E2 /* Sources */,
				D9B6BB551E5E3862009238E2 /* Frameworks */,
				D9B6BB561E5E3862009238E2 /* Resources */,
			);
			buildRules = (
			);
			dependencies = (
			);
			name = "neural-network-navigation";
			productName = "neural-network-navigation";
			productReference = D9B6BB581E5E3862009238E2 /* neural-network-navigation.app */;
			productType = "com.apple.product-type.application";
		};
/* End PBXNativeTarget section */

/* Begin PBXProject section */
		D9B6BB501E5E3862009238E2 /* Project object */ = {
			isa = PBXProject;
			attributes = {
				LastSwiftUpdateCheck = 0820;
				LastUpgradeCheck = 0820;
				ORGANIZATIONNAME = Psych186B;
				TargetAttributes = {
					D9B6BB571E5E3862009238E2 = {
						CreatedOnToolsVersion = 8.2.1;
						DevelopmentTeam = D7S2KUY3DK;
						ProvisioningStyle = Automatic;
					};
				};
			};
			buildConfigurationList = D9B6BB531E5E3862009238E2 /* Build configuration list for PBXProject "neural-network-navigation" */;
			compatibilityVersion = "Xcode 3.2";
			developmentRegion = English;
			hasScannedForEncodings = 0;
			knownRegions = (
				en,
				Base,
			);
			mainGroup = D9B6BB4F1E5E3862009238E2;
			productRefGroup = D9B6BB591E5E3862009238E2 /* Products */;
			projectDirPath = "";
			projectRoot = "";
			targets = (
				D9B6BB571E5E3862009238E2 /* neural-network-navigation */,
			);
		};
/* End PBXProject section */

/* Begin PBXResourcesBuildPhase section */
		D9B6BB561E5E3862009238E2 /* Resources */ = {
			isa = PBXResourcesBuildPhase;
			buildActionMask = 2147483647;
			files = (
				D9B6BB601E5E3862009238E2 /* Assets.xcassets in Resources */,
				D9B6BB631E5E3862009238E2 /* Main.storyboard in Resources */,
			);
			runOnlyForDeploymentPostprocessing = 0;
		};
/* End PBXResourcesBuildPhase section */

/* Begin PBXSourcesBuildPhase section */
		D9B6BB541E5E3862009238E2 /* Sources */ = {
			isa = PBXSourcesBuildPhase;
			buildActionMask = 2147483647;
			files = (
				D9AB4D011E7087AA002F1791 /* Agent.swift in Sources */,
				6C5D37ED1E60BAEF0011713A /* Random.swift in Sources */,
				D9A309FE1E6757D90028BC31 /* Data.swift in Sources */,
				D9AB4D031E709176002F1791 /* TripViewController.swift in Sources */,
				6C5D37F11E60BCA10011713A /* CityBuilder.swift in Sources */,
				D9B6BB5E1E5E3862009238E2 /* SetupViewController.swift in Sources */,
				6C5D37EF1E60BAEF0011713A /* Vector.swift in Sources */,
				6C5D37EA1E60BAEF0011713A /* FFNN+Storage.swift in Sources */,
				6C5D37EB1E60BAEF0011713A /* Matrix.swift in Sources */,
				6C5D37EC1E60BAEF0011713A /* Operations.swift in Sources */,
				D9086ABE1E7228EB005DB27F /* TrainViewController.swift in Sources */,
				D9A309FC1E6755450028BC31 /* CityInspectorViewController.swift in Sources */,
				6C5D37EE1E60BAEF0011713A /* Storage.swift in Sources */,
				6C5D37E91E60BAEF0011713A /* FFNN.swift in Sources */,
				D9B6BB5C1E5E3862009238E2 /* AppDelegate.swift in Sources */,
				D9BE3F751E60AE250011D471 /* City.swift in Sources */,
				D9BE3F781E6117BC0011D471 /* Utils.swift in Sources */,
				6C5983101E6D8B2000355C18 /* ShortestPath.swift in Sources */,
				D9A5DE081E64BC8500D4566E /* CustomWindowController.swift in Sources */,
			);
			runOnlyForDeploymentPostprocessing = 0;
		};
/* End PBXSourcesBuildPhase section */

/* Begin PBXVariantGroup section */
		D9B6BB611E5E3862009238E2 /* Main.storyboard */ = {
			isa = PBXVariantGroup;
			children = (
				D9B6BB621E5E3862009238E2 /* Base */,
			);
			name = Main.storyboard;
			sourceTree = "<group>";
		};
/* End PBXVariantGroup section */

/* Begin XCBuildConfiguration section */
		D9B6BB651E5E3862009238E2 /* Debug */ = {
			isa = XCBuildConfiguration;
			buildSettings = {
				ALWAYS_SEARCH_USER_PATHS = NO;
				CLANG_ANALYZER_NONNULL = YES;
				CLANG_CXX_LANGUAGE_STANDARD = "gnu++0x";
				CLANG_CXX_LIBRARY = "libc++";
				CLANG_ENABLE_MODULES = YES;
				CLANG_ENABLE_OBJC_ARC = YES;
				CLANG_WARN_BOOL_CONVERSION = YES;
				CLANG_WARN_CONSTANT_CONVERSION = YES;
				CLANG_WARN_DIRECT_OBJC_ISA_USAGE = YES_ERROR;
				CLANG_WARN_DOCUMENTATION_COMMENTS = YES;
				CLANG_WARN_EMPTY_BODY = YES;
				CLANG_WARN_ENUM_CONVERSION = YES;
				CLANG_WARN_INFINITE_RECURSION = YES;
				CLANG_WARN_INT_CONVERSION = YES;
				CLANG_WARN_OBJC_ROOT_CLASS = YES_ERROR;
				CLANG_WARN_SUSPICIOUS_MOVE = YES;
				CLANG_WARN_UNREACHABLE_CODE = YES;
				CLANG_WARN__DUPLICATE_METHOD_MATCH = YES;
				CODE_SIGN_IDENTITY = "-";
				COPY_PHASE_STRIP = NO;
				DEBUG_INFORMATION_FORMAT = dwarf;
				ENABLE_STRICT_OBJC_MSGSEND = YES;
				ENABLE_TESTABILITY = YES;
				GCC_C_LANGUAGE_STANDARD = gnu99;
				GCC_DYNAMIC_NO_PIC = NO;
				GCC_NO_COMMON_BLOCKS = YES;
				GCC_OPTIMIZATION_LEVEL = 0;
				GCC_PREPROCESSOR_DEFINITIONS = (
					"DEBUG=1",
					"$(inherited)",
				);
				GCC_WARN_64_TO_32_BIT_CONVERSION = YES;
				GCC_WARN_ABOUT_RETURN_TYPE = YES_ERROR;
				GCC_WARN_UNDECLARED_SELECTOR = YES;
				GCC_WARN_UNINITIALIZED_AUTOS = YES_AGGRESSIVE;
				GCC_WARN_UNUSED_FUNCTION = YES;
				GCC_WARN_UNUSED_VARIABLE = YES;
				MACOSX_DEPLOYMENT_TARGET = 10.12;
				MTL_ENABLE_DEBUG_INFO = YES;
				ONLY_ACTIVE_ARCH = YES;
				SDKROOT = macosx;
				SWIFT_ACTIVE_COMPILATION_CONDITIONS = DEBUG;
				SWIFT_OPTIMIZATION_LEVEL = "-Onone";
			};
			name = Debug;
		};
		D9B6BB661E5E3862009238E2 /* Release */ = {
			isa = XCBuildConfiguration;
			buildSettings = {
				ALWAYS_SEARCH_USER_PATHS = NO;
				CLANG_ANALYZER_NONNULL = YES;
				CLANG_CXX_LANGUAGE_STANDARD = "gnu++0x";
				CLANG_CXX_LIBRARY = "libc++";
				CLANG_ENABLE_MODULES = YES;
				CLANG_ENABLE_OBJC_ARC = YES;
				CLANG_WARN_BOOL_CONVERSION = YES;
				CLANG_WARN_CONSTANT_CONVERSION = YES;
				CLANG_WARN_DIRECT_OBJC_ISA_USAGE = YES_ERROR;
				CLANG_WARN_DOCUMENTATION_COMMENTS = YES;
				CLANG_WARN_EMPTY_BODY = YES;
				CLANG_WARN_ENUM_CONVERSION = YES;
				CLANG_WARN_INFINITE_RECURSION = YES;
				CLANG_WARN_INT_CONVERSION = YES;
				CLANG_WARN_OBJC_ROOT_CLASS = YES_ERROR;
				CLANG_WARN_SUSPICIOUS_MOVE = YES;
				CLANG_WARN_UNREACHABLE_CODE = YES;
				CLANG_WARN__DUPLICATE_METHOD_MATCH = YES;
				CODE_SIGN_IDENTITY = "-";
				COPY_PHASE_STRIP = NO;
				DEBUG_INFORMATION_FORMAT = "dwarf-with-dsym";
				ENABLE_NS_ASSERTIONS = NO;
				ENABLE_STRICT_OBJC_MSGSEND = YES;
				GCC_C_LANGUAGE_STANDARD = gnu99;
				GCC_NO_COMMON_BLOCKS = YES;
				GCC_WARN_64_TO_32_BIT_CONVERSION = YES;
				GCC_WARN_ABOUT_RETURN_TYPE = YES_ERROR;
				GCC_WARN_UNDECLARED_SELECTOR = YES;
				GCC_WARN_UNINITIALIZED_AUTOS = YES_AGGRESSIVE;
				GCC_WARN_UNUSED_FUNCTION = YES;
				GCC_WARN_UNUSED_VARIABLE = YES;
				MACOSX_DEPLOYMENT_TARGET = 10.12;
				MTL_ENABLE_DEBUG_INFO = NO;
				SDKROOT = macosx;
				SWIFT_OPTIMIZATION_LEVEL = "-Owholemodule";
			};
			name = Release;
		};
		D9B6BB681E5E3862009238E2 /* Debug */ = {
			isa = XCBuildConfiguration;
			buildSettings = {
				ASSETCATALOG_COMPILER_APPICON_NAME = AppIcon;
				COMBINE_HIDPI_IMAGES = YES;
				DEVELOPMENT_TEAM = D7S2KUY3DK;
				INFOPLIST_FILE = "neural-network-navigation/Info.plist";
				LD_RUNPATH_SEARCH_PATHS = "$(inherited) @executable_path/../Frameworks";
				MACOSX_DEPLOYMENT_TARGET = 10.11;
				PRODUCT_BUNDLE_IDENTIFIER = "com.psych186b.austinmchau.neural-network-navigation";
				PRODUCT_NAME = "$(TARGET_NAME)";
				SWIFT_VERSION = 3.0;
			};
			name = Debug;
		};
		D9B6BB691E5E3862009238E2 /* Release */ = {
			isa = XCBuildConfiguration;
			buildSettings = {
				ASSETCATALOG_COMPILER_APPICON_NAME = AppIcon;
				COMBINE_HIDPI_IMAGES = YES;
				DEVELOPMENT_TEAM = D7S2KUY3DK;
				INFOPLIST_FILE = "neural-network-navigation/Info.plist";
				LD_RUNPATH_SEARCH_PATHS = "$(inherited) @executable_path/../Frameworks";
				MACOSX_DEPLOYMENT_TARGET = 10.11;
				PRODUCT_BUNDLE_IDENTIFIER = "com.psych186b.austinmchau.neural-network-navigation";
				PRODUCT_NAME = "$(TARGET_NAME)";
				SWIFT_VERSION = 3.0;
			};
			name = Release;
		};
/* End XCBuildConfiguration section */

/* Begin XCConfigurationList section */
		D9B6BB531E5E3862009238E2 /* Build configuration list for PBXProject "neural-network-navigation" */ = {
			isa = XCConfigurationList;
			buildConfigurations = (
				D9B6BB651E5E3862009238E2 /* Debug */,
				D9B6BB661E5E3862009238E2 /* Release */,
			);
			defaultConfigurationIsVisible = 0;
			defaultConfigurationName = Release;
		};
		D9B6BB671E5E3862009238E2 /* Build configuration list for PBXNativeTarget "neural-network-navigation" */ = {
			isa = XCConfigurationList;
			buildConfigurations = (
				D9B6BB681E5E3862009238E2 /* Debug */,
				D9B6BB691E5E3862009238E2 /* Release */,
			);
			defaultConfigurationIsVisible = 0;
			defaultConfigurationName = Release;
		};
/* End XCConfigurationList section */
	};
	rootObject = D9B6BB501E5E3862009238E2 /* Project object */;
}
